// !$*UTF8*$!
{
	archiveVersion = 1;
	classes = {
	};
	objectVersion = 48;
	objects = {

/* Begin PBXBuildFile section */
		C416313D1FD1544D00100561 /* AppDelegate.swift in Sources */ = {isa = PBXBuildFile; fileRef = C416313C1FD1544D00100561 /* AppDelegate.swift */; };
		C416313F1FD1544D00100561 /* ViewController.swift in Sources */ = {isa = PBXBuildFile; fileRef = C416313E1FD1544D00100561 /* ViewController.swift */; };
		C41631421FD1544D00100561 /* Main.storyboard in Resources */ = {isa = PBXBuildFile; fileRef = C41631401FD1544D00100561 /* Main.storyboard */; };
		C41631441FD1544D00100561 /* Assets.xcassets in Resources */ = {isa = PBXBuildFile; fileRef = C41631431FD1544D00100561 /* Assets.xcassets */; };
		C41631471FD1544D00100561 /* LaunchScreen.storyboard in Resources */ = {isa = PBXBuildFile; fileRef = C41631451FD1544D00100561 /* LaunchScreen.storyboard */; };
		C41631521FD1544D00100561 /* TextToSpeechTests.swift in Sources */ = {isa = PBXBuildFile; fileRef = C41631511FD1544D00100561 /* TextToSpeechTests.swift */; };
		C416315D1FD1544D00100561 /* TextToSpeechUITests.swift in Sources */ = {isa = PBXBuildFile; fileRef = C416315C1FD1544D00100561 /* TextToSpeechUITests.swift */; };
/* End PBXBuildFile section */

/* Begin PBXContainerItemProxy section */
		C416314E1FD1544D00100561 /* PBXContainerItemProxy */ = {
			isa = PBXContainerItemProxy;
			containerPortal = C41631311FD1544D00100561 /* Project object */;
			proxyType = 1;
			remoteGlobalIDString = C41631381FD1544D00100561;
			remoteInfo = TextToSpeech;
		};
		C41631591FD1544D00100561 /* PBXContainerItemProxy */ = {
			isa = PBXContainerItemProxy;
			containerPortal = C41631311FD1544D00100561 /* Project object */;
			proxyType = 1;
			remoteGlobalIDString = C41631381FD1544D00100561;
			remoteInfo = TextToSpeech;
		};
/* End PBXContainerItemProxy section */

/* Begin PBXFileReference section */
		C41631391FD1544D00100561 /* TextToSpeech.app */ = {isa = PBXFileReference; explicitFileType = wrapper.application; includeInIndex = 0; path = TextToSpeech.app; sourceTree = BUILT_PRODUCTS_DIR; };
		C416313C1FD1544D00100561 /* AppDelegate.swift */ = {isa = PBXFileReference; lastKnownFileType = sourcecode.swift; path = AppDelegate.swift; sourceTree = "<group>"; };
		C416313E1FD1544D00100561 /* ViewController.swift */ = {isa = PBXFileReference; lastKnownFileType = sourcecode.swift; path = ViewController.swift; sourceTree = "<group>"; };
		C41631411FD1544D00100561 /* Base */ = {isa = PBXFileReference; lastKnownFileType = file.storyboard; name = Base; path = Base.lproj/Main.storyboard; sourceTree = "<group>"; };
		C41631431FD1544D00100561 /* Assets.xcassets */ = {isa = PBXFileReference; lastKnownFileType = folder.assetcatalog; path = Assets.xcassets; sourceTree = "<group>"; };
		C41631461FD1544D00100561 /* Base */ = {isa = PBXFileReference; lastKnownFileType = file.storyboard; name = Base; path = Base.lproj/LaunchScreen.storyboard; sourceTree = "<group>"; };
		C41631481FD1544D00100561 /* Info.plist */ = {isa = PBXFileReference; lastKnownFileType = text.plist.xml; path = Info.plist; sourceTree = "<group>"; };
		C416314D1FD1544D00100561 /* TextToSpeechTests.xctest */ = {isa = PBXFileReference; explicitFileType = wrapper.cfbundle; includeInIndex = 0; path = TextToSpeechTests.xctest; sourceTree = BUILT_PRODUCTS_DIR; };
		C41631511FD1544D00100561 /* TextToSpeechTests.swift */ = {isa = PBXFileReference; lastKnownFileType = sourcecode.swift; path = TextToSpeechTests.swift; sourceTree = "<group>"; };
		C41631531FD1544D00100561 /* Info.plist */ = {isa = PBXFileReference; lastKnownFileType = text.plist.xml; path = Info.plist; sourceTree = "<group>"; };
		C41631581FD1544D00100561 /* TextToSpeechUITests.xctest */ = {isa = PBXFileReference; explicitFileType = wrapper.cfbundle; includeInIndex = 0; path = TextToSpeechUITests.xctest; sourceTree = BUILT_PRODUCTS_DIR; };
		C416315C1FD1544D00100561 /* TextToSpeechUITests.swift */ = {isa = PBXFileReference; lastKnownFileType = sourcecode.swift; path = TextToSpeechUITests.swift; sourceTree = "<group>"; };
		C416315E1FD1544D00100561 /* Info.plist */ = {isa = PBXFileReference; lastKnownFileType = text.plist.xml; path = Info.plist; sourceTree = "<group>"; };
/* End PBXFileReference section */

/* Begin PBXFrameworksBuildPhase section */
		C41631361FD1544D00100561 /* Frameworks */ = {
			isa = PBXFrameworksBuildPhase;
			buildActionMask = 2147483647;
			files = (
			);
			runOnlyForDeploymentPostprocessing = 0;
		};
		C416314A1FD1544D00100561 /* Frameworks */ = {
			isa = PBXFrameworksBuildPhase;
			buildActionMask = 2147483647;
			files = (
			);
			runOnlyForDeploymentPostprocessing = 0;
		};
		C41631551FD1544D00100561 /* Frameworks */ = {
			isa = PBXFrameworksBuildPhase;
			buildActionMask = 2147483647;
			files = (
			);
			runOnlyForDeploymentPostprocessing = 0;
		};
/* End PBXFrameworksBuildPhase section */

/* Begin PBXGroup section */
		C41631301FD1544D00100561 = {
			isa = PBXGroup;
			children = (
				C416313B1FD1544D00100561 /* TextToSpeech */,
				C41631501FD1544D00100561 /* TextToSpeechTests */,
				C416315B1FD1544D00100561 /* TextToSpeechUITests */,
				C416313A1FD1544D00100561 /* Products */,
			);
			sourceTree = "<group>";
		};
		C416313A1FD1544D00100561 /* Products */ = {
			isa = PBXGroup;
			children = (
				C41631391FD1544D00100561 /* TextToSpeech.app */,
				C416314D1FD1544D00100561 /* TextToSpeechTests.xctest */,
				C41631581FD1544D00100561 /* TextToSpeechUITests.xctest */,
			);
			name = Products;
			sourceTree = "<group>";
		};
		C416313B1FD1544D00100561 /* TextToSpeech */ = {
			isa = PBXGroup;
			children = (
				C416313C1FD1544D00100561 /* AppDelegate.swift */,
				C416313E1FD1544D00100561 /* ViewController.swift */,
				C41631401FD1544D00100561 /* Main.storyboard */,
				C41631431FD1544D00100561 /* Assets.xcassets */,
				C41631451FD1544D00100561 /* LaunchScreen.storyboard */,
				C41631481FD1544D00100561 /* Info.plist */,
			);
			path = TextToSpeech;
			sourceTree = "<group>";
		};
		C41631501FD1544D00100561 /* TextToSpeechTests */ = {
			isa = PBXGroup;
			children = (
				C41631511FD1544D00100561 /* TextToSpeechTests.swift */,
				C41631531FD1544D00100561 /* Info.plist */,
			);
			path = TextToSpeechTests;
			sourceTree = "<group>";
		};
		C416315B1FD1544D00100561 /* TextToSpeechUITests */ = {
			isa = PBXGroup;
			children = (
				C416315C1FD1544D00100561 /* TextToSpeechUITests.swift */,
				C416315E1FD1544D00100561 /* Info.plist */,
			);
			path = TextToSpeechUITests;
			sourceTree = "<group>";
		};
/* End PBXGroup section */

/* Begin PBXNativeTarget section */
		C41631381FD1544D00100561 /* TextToSpeech */ = {
			isa = PBXNativeTarget;
			buildConfigurationList = C41631611FD1544E00100561 /* Build configuration list for PBXNativeTarget "TextToSpeech" */;
			buildPhases = (
				C41631351FD1544D00100561 /* Sources */,
				C41631361FD1544D00100561 /* Frameworks */,
				C41631371FD1544D00100561 /* Resources */,
			);
			buildRules = (
			);
			dependencies = (
			);
			name = TextToSpeech;
			productName = TextToSpeech;
			productReference = C41631391FD1544D00100561 /* TextToSpeech.app */;
			productType = "com.apple.product-type.application";
		};
		C416314C1FD1544D00100561 /* TextToSpeechTests */ = {
			isa = PBXNativeTarget;
			buildConfigurationList = C41631641FD1544E00100561 /* Build configuration list for PBXNativeTarget "TextToSpeechTests" */;
			buildPhases = (
				C41631491FD1544D00100561 /* Sources */,
				C416314A1FD1544D00100561 /* Frameworks */,
				C416314B1FD1544D00100561 /* Resources */,
			);
			buildRules = (
			);
			dependencies = (
				C416314F1FD1544D00100561 /* PBXTargetDependency */,
			);
			name = TextToSpeechTests;
			productName = TextToSpeechTests;
			productReference = C416314D1FD1544D00100561 /* TextToSpeechTests.xctest */;
			productType = "com.apple.product-type.bundle.unit-test";
		};
		C41631571FD1544D00100561 /* TextToSpeechUITests */ = {
			isa = PBXNativeTarget;
			buildConfigurationList = C41631671FD1544E00100561 /* Build configuration list for PBXNativeTarget "TextToSpeechUITests" */;
			buildPhases = (
				C41631541FD1544D00100561 /* Sources */,
				C41631551FD1544D00100561 /* Frameworks */,
				C41631561FD1544D00100561 /* Resources */,
			);
			buildRules = (
			);
			dependencies = (
				C416315A1FD1544D00100561 /* PBXTargetDependency */,
			);
			name = TextToSpeechUITests;
			productName = TextToSpeechUITests;
			productReference = C41631581FD1544D00100561 /* TextToSpeechUITests.xctest */;
			productType = "com.apple.product-type.bundle.ui-testing";
		};
/* End PBXNativeTarget section */

/* Begin PBXProject section */
		C41631311FD1544D00100561 /* Project object */ = {
			isa = PBXProject;
			attributes = {
				LastSwiftUpdateCheck = 0900;
				LastUpgradeCheck = 0900;
				ORGANIZATIONNAME = FarrasDoko;
				TargetAttributes = {
					C41631381FD1544D00100561 = {
						CreatedOnToolsVersion = 9.0;
						ProvisioningStyle = Automatic;
					};
					C416314C1FD1544D00100561 = {
						CreatedOnToolsVersion = 9.0;
						ProvisioningStyle = Automatic;
						TestTargetID = C41631381FD1544D00100561;
					};
					C41631571FD1544D00100561 = {
						CreatedOnToolsVersion = 9.0;
						ProvisioningStyle = Automatic;
						TestTargetID = C41631381FD1544D00100561;
					};
				};
			};
			buildConfigurationList = C41631341FD1544D00100561 /* Build configuration list for PBXProject "TextToSpeech" */;
			compatibilityVersion = "Xcode 8.0";
			developmentRegion = en;
			hasScannedForEncodings = 0;
			knownRegions = (
				en,
				Base,
			);
			mainGroup = C41631301FD1544D00100561;
			productRefGroup = C416313A1FD1544D00100561 /* Products */;
			projectDirPath = "";
			projectRoot = "";
			targets = (
				C41631381FD1544D00100561 /* TextToSpeech */,
				C416314C1FD1544D00100561 /* TextToSpeechTests */,
				C41631571FD1544D00100561 /* TextToSpeechUITests */,
			);
		};
/* End PBXProject section */

/* Begin PBXResourcesBuildPhase section */
		C41631371FD1544D00100561 /* Resources */ = {
			isa = PBXResourcesBuildPhase;
			buildActionMask = 2147483647;
			files = (
				C41631471FD1544D00100561 /* LaunchScreen.storyboard in Resources */,
				C41631441FD1544D00100561 /* Assets.xcassets in Resources */,
				C41631421FD1544D00100561 /* Main.storyboard in Resources */,
			);
			runOnlyForDeploymentPostprocessing = 0;
		};
		C416314B1FD1544D00100561 /* Resources */ = {
			isa = PBXResourcesBuildPhase;
			buildActionMask = 2147483647;
			files = (
			);
			runOnlyForDeploymentPostprocessing = 0;
		};
		C41631561FD1544D00100561 /* Resources */ = {
			isa = PBXResourcesBuildPhase;
			buildActionMask = 2147483647;
			files = (
			);
			runOnlyForDeploymentPostprocessing = 0;
		};
/* End PBXResourcesBuildPhase section */

/* Begin PBXSourcesBuildPhase section */
		C41631351FD1544D00100561 /* Sources */ = {
			isa = PBXSourcesBuildPhase;
			buildActionMask = 2147483647;
			files = (
				C416313F1FD1544D00100561 /* ViewController.swift in Sources */,
				C416313D1FD1544D00100561 /* AppDelegate.swift in Sources */,
			);
			runOnlyForDeploymentPostprocessing = 0;
		};
		C41631491FD1544D00100561 /* Sources */ = {
			isa = PBXSourcesBuildPhase;
			buildActionMask = 2147483647;
			files = (
				C41631521FD1544D00100561 /* TextToSpeechTests.swift in Sources */,
			);
			runOnlyForDeploymentPostprocessing = 0;
		};
		C41631541FD1544D00100561 /* Sources */ = {
			isa = PBXSourcesBuildPhase;
			buildActionMask = 2147483647;
			files = (
				C416315D1FD1544D00100561 /* TextToSpeechUITests.swift in Sources */,
			);
			runOnlyForDeploymentPostprocessing = 0;
		};
/* End PBXSourcesBuildPhase section */

/* Begin PBXTargetDependency section */
		C416314F1FD1544D00100561 /* PBXTargetDependency */ = {
			isa = PBXTargetDependency;
			target = C41631381FD1544D00100561 /* TextToSpeech */;
			targetProxy = C416314E1FD1544D00100561 /* PBXContainerItemProxy */;
		};
		C416315A1FD1544D00100561 /* PBXTargetDependency */ = {
			isa = PBXTargetDependency;
			target = C41631381FD1544D00100561 /* TextToSpeech */;
			targetProxy = C41631591FD1544D00100561 /* PBXContainerItemProxy */;
		};
/* End PBXTargetDependency section */

/* Begin PBXVariantGroup section */
		C41631401FD1544D00100561 /* Main.storyboard */ = {
			isa = PBXVariantGroup;
			children = (
				C41631411FD1544D00100561 /* Base */,
			);
			name = Main.storyboard;
			sourceTree = "<group>";
		};
		C41631451FD1544D00100561 /* LaunchScreen.storyboard */ = {
			isa = PBXVariantGroup;
			children = (
				C41631461FD1544D00100561 /* Base */,
			);
			name = LaunchScreen.storyboard;
			sourceTree = "<group>";
		};
/* End PBXVariantGroup section */

/* Begin XCBuildConfiguration section */
		C416315F1FD1544D00100561 /* Debug */ = {
			isa = XCBuildConfiguration;
			buildSettings = {
				ALWAYS_SEARCH_USER_PATHS = NO;
				CLANG_ANALYZER_NONNULL = YES;
				CLANG_ANALYZER_NUMBER_OBJECT_CONVERSION = YES_AGGRESSIVE;
				CLANG_CXX_LANGUAGE_STANDARD = "gnu++14";
				CLANG_CXX_LIBRARY = "libc++";
				CLANG_ENABLE_MODULES = YES;
				CLANG_ENABLE_OBJC_ARC = YES;
				CLANG_WARN_BLOCK_CAPTURE_AUTORELEASING = YES;
				CLANG_WARN_BOOL_CONVERSION = YES;
				CLANG_WARN_COMMA = YES;
				CLANG_WARN_CONSTANT_CONVERSION = YES;
				CLANG_WARN_DIRECT_OBJC_ISA_USAGE = YES_ERROR;
				CLANG_WARN_DOCUMENTATION_COMMENTS = YES;
				CLANG_WARN_EMPTY_BODY = YES;
				CLANG_WARN_ENUM_CONVERSION = YES;
				CLANG_WARN_INFINITE_RECURSION = YES;
				CLANG_WARN_INT_CONVERSION = YES;
				CLANG_WARN_NON_LITERAL_NULL_CONVERSION = YES;
				CLANG_WARN_OBJC_LITERAL_CONVERSION = YES;
				CLANG_WARN_OBJC_ROOT_CLASS = YES_ERROR;
				CLANG_WARN_RANGE_LOOP_ANALYSIS = YES;
				CLANG_WARN_STRICT_PROTOTYPES = YES;
				CLANG_WARN_SUSPICIOUS_MOVE = YES;
				CLANG_WARN_UNGUARDED_AVAILABILITY = YES_AGGRESSIVE;
				CLANG_WARN_UNREACHABLE_CODE = YES;
				CLANG_WARN__DUPLICATE_METHOD_MATCH = YES;
				CODE_SIGN_IDENTITY = "iPhone Developer";
				COPY_PHASE_STRIP = NO;
				DEBUG_INFORMATION_FORMAT = dwarf;
				ENABLE_STRICT_OBJC_MSGSEND = YES;
				ENABLE_TESTABILITY = YES;
				GCC_C_LANGUAGE_STANDARD = gnu11;
				GCC_DYNAMIC_NO_PIC = NO;
				GCC_NO_COMMON_BLOCKS = YES;
				GCC_OPTIMIZATION_LEVEL = 0;
				GCC_PREPROCESSOR_DEFINITIONS = (
					"DEBUG=1",
					"$(inherited)",
				);
				GCC_WARN_64_TO_32_BIT_CONVERSION = YES;
				GCC_WARN_ABOUT_RETURN_TYPE = YES_ERROR;
				GCC_WARN_UNDECLARED_SELECTOR = YES;
				GCC_WARN_UNINITIALIZED_AUTOS = YES_AGGRESSIVE;
				GCC_WARN_UNUSED_FUNCTION = YES;
				GCC_WARN_UNUSED_VARIABLE = YES;
				IPHONEOS_DEPLOYMENT_TARGET = 11.0;
				MTL_ENABLE_DEBUG_INFO = YES;
				ONLY_ACTIVE_ARCH = YES;
				SDKROOT = iphoneos;
				SWIFT_ACTIVE_COMPILATION_CONDITIONS = DEBUG;
				SWIFT_OPTIMIZATION_LEVEL = "-Onone";
			};
			name = Debug;
		};
		C41631601FD1544D00100561 /* Release */ = {
			isa = XCBuildConfiguration;
			buildSettings = {
				ALWAYS_SEARCH_USER_PATHS = NO;
				CLANG_ANALYZER_NONNULL = YES;
				CLANG_ANALYZER_NUMBER_OBJECT_CONVERSION = YES_AGGRESSIVE;
				CLANG_CXX_LANGUAGE_STANDARD = "gnu++14";
				CLANG_CXX_LIBRARY = "libc++";
				CLANG_ENABLE_MODULES = YES;
				CLANG_ENABLE_OBJC_ARC = YES;
				CLANG_WARN_BLOCK_CAPTURE_AUTORELEASING = YES;
				CLANG_WARN_BOOL_CONVERSION = YES;
				CLANG_WARN_COMMA = YES;
				CLANG_WARN_CONSTANT_CONVERSION = YES;
				CLANG_WARN_DIRECT_OBJC_ISA_USAGE = YES_ERROR;
				CLANG_WARN_DOCUMENTATION_COMMENTS = YES;
				CLANG_WARN_EMPTY_BODY = YES;
				CLANG_WARN_ENUM_CONVERSION = YES;
				CLANG_WARN_INFINITE_RECURSION = YES;
				CLANG_WARN_INT_CONVERSION = YES;
				CLANG_WARN_NON_LITERAL_NULL_CONVERSION = YES;
				CLANG_WARN_OBJC_LITERAL_CONVERSION = YES;
				CLANG_WARN_OBJC_ROOT_CLASS = YES_ERROR;
				CLANG_WARN_RANGE_LOOP_ANALYSIS = YES;
				CLANG_WARN_STRICT_PROTOTYPES = YES;
				CLANG_WARN_SUSPICIOUS_MOVE = YES;
				CLANG_WARN_UNGUARDED_AVAILABILITY = YES_AGGRESSIVE;
				CLANG_WARN_UNREACHABLE_CODE = YES;
				CLANG_WARN__DUPLICATE_METHOD_MATCH = YES;
				CODE_SIGN_IDENTITY = "iPhone Developer";
				COPY_PHASE_STRIP = NO;
				DEBUG_INFORMATION_FORMAT = "dwarf-with-dsym";
				ENABLE_NS_ASSERTIONS = NO;
				ENABLE_STRICT_OBJC_MSGSEND = YES;
				GCC_C_LANGUAGE_STANDARD = gnu11;
				GCC_NO_COMMON_BLOCKS = YES;
				GCC_WARN_64_TO_32_BIT_CONVERSION = YES;
				GCC_WARN_ABOUT_RETURN_TYPE = YES_ERROR;
				GCC_WARN_UNDECLARED_SELECTOR = YES;
				GCC_WARN_UNINITIALIZED_AUTOS = YES_AGGRESSIVE;
				GCC_WARN_UNUSED_FUNCTION = YES;
				GCC_WARN_UNUSED_VARIABLE = YES;
				IPHONEOS_DEPLOYMENT_TARGET = 11.0;
				MTL_ENABLE_DEBUG_INFO = NO;
				SDKROOT = iphoneos;
				SWIFT_OPTIMIZATION_LEVEL = "-Owholemodule";
				VALIDATE_PRODUCT = YES;
			};
			name = Release;
		};
		C41631621FD1544E00100561 /* Debug */ = {
			isa = XCBuildConfiguration;
			buildSettings = {
				ASSETCATALOG_COMPILER_APPICON_NAME = AppIcon;
				CODE_SIGN_STYLE = Automatic;
				INFOPLIST_FILE = TextToSpeech/Info.plist;
				LD_RUNPATH_SEARCH_PATHS = "$(inherited) @executable_path/Frameworks";
				PRODUCT_BUNDLE_IDENTIFIER = Gw.TextToSpeech;
				PRODUCT_NAME = "$(TARGET_NAME)";
				SWIFT_VERSION = 4.0;
				TARGETED_DEVICE_FAMILY = "1,2";
			};
			name = Debug;
		};
		C41631631FD1544E00100561 /* Release */ = {
			isa = XCBuildConfiguration;
			buildSettings = {
				ASSETCATALOG_COMPILER_APPICON_NAME = AppIcon;
				CODE_SIGN_STYLE = Automatic;
				INFOPLIST_FILE = TextToSpeech/Info.plist;
				LD_RUNPATH_SEARCH_PATHS = "$(inherited) @executable_path/Frameworks";
				PRODUCT_BUNDLE_IDENTIFIER = Gw.TextToSpeech;
				PRODUCT_NAME = "$(TARGET_NAME)";
				SWIFT_VERSION = 4.0;
				TARGETED_DEVICE_FAMILY = "1,2";
			};
			name = Release;
		};
		C41631651FD1544E00100561 /* Debug */ = {
			isa = XCBuildConfiguration;
			buildSettings = {
				ALWAYS_EMBED_SWIFT_STANDARD_LIBRARIES = YES;
				BUNDLE_LOADER = "$(TEST_HOST)";
				CODE_SIGN_STYLE = Automatic;
				INFOPLIST_FILE = TextToSpeechTests/Info.plist;
				LD_RUNPATH_SEARCH_PATHS = "$(inherited) @executable_path/Frameworks @loader_path/Frameworks";
				PRODUCT_BUNDLE_IDENTIFIER = Gw.TextToSpeechTests;
				PRODUCT_NAME = "$(TARGET_NAME)";
				SWIFT_VERSION = 4.0;
				TARGETED_DEVICE_FAMILY = "1,2";
				TEST_HOST = "$(BUILT_PRODUCTS_DIR)/TextToSpeech.app/TextToSpeech";
			};
			name = Debug;
		};
		C41631661FD1544E00100561 /* Release */ = {
			isa = XCBuildConfiguration;
			buildSettings = {
				ALWAYS_EMBED_SWIFT_STANDARD_LIBRARIES = YES;
				BUNDLE_LOADER = "$(TEST_HOST)";
				CODE_SIGN_STYLE = Automatic;
				INFOPLIST_FILE = TextToSpeechTests/Info.plist;
				LD_RUNPATH_SEARCH_PATHS = "$(inherited) @executable_path/Frameworks @loader_path/Frameworks";
				PRODUCT_BUNDLE_IDENTIFIER = Gw.TextToSpeechTests;
				PRODUCT_NAME = "$(TARGET_NAME)";
				SWIFT_VERSION = 4.0;
				TARGETED_DEVICE_FAMILY = "1,2";
				TEST_HOST = "$(BUILT_PRODUCTS_DIR)/TextToSpeech.app/TextToSpeech";
			};
			name = Release;
		};
		C41631681FD1544E00100561 /* Debug */ = {
			isa = XCBuildConfiguration;
			buildSettings = {
				ALWAYS_EMBED_SWIFT_STANDARD_LIBRARIES = YES;
				CODE_SIGN_STYLE = Automatic;
				INFOPLIST_FILE = TextToSpeechUITests/Info.plist;
				LD_RUNPATH_SEARCH_PATHS = "$(inherited) @executable_path/Frameworks @loader_path/Frameworks";
				PRODUCT_BUNDLE_IDENTIFIER = Gw.TextToSpeechUITests;
				PRODUCT_NAME = "$(TARGET_NAME)";
				SWIFT_VERSION = 4.0;
				TARGETED_DEVICE_FAMILY = "1,2";
				TEST_TARGET_NAME = TextToSpeech;
			};
			name = Debug;
		};
		C41631691FD1544E00100561 /* Release */ = {
			isa = XCBuildConfiguration;
			buildSettings = {
				ALWAYS_EMBED_SWIFT_STANDARD_LIBRARIES = YES;
				CODE_SIGN_STYLE = Automatic;
				INFOPLIST_FILE = TextToSpeechUITests/Info.plist;
				LD_RUNPATH_SEARCH_PATHS = "$(inherited) @executable_path/Frameworks @loader_path/Frameworks";
				PRODUCT_BUNDLE_IDENTIFIER = Gw.TextToSpeechUITests;
				PRODUCT_NAME = "$(TARGET_NAME)";
				SWIFT_VERSION = 4.0;
				TARGETED_DEVICE_FAMILY = "1,2";
				TEST_TARGET_NAME = TextToSpeech;
			};
			name = Release;
		};
/* End XCBuildConfiguration section */

/* Begin XCConfigurationList section */
		C41631341FD1544D00100561 /* Build configuration list for PBXProject "TextToSpeech" */ = {
			isa = XCConfigurationList;
			buildConfigurations = (
				C416315F1FD1544D00100561 /* Debug */,
				C41631601FD1544D00100561 /* Release */,
			);
			defaultConfigurationIsVisible = 0;
			defaultConfigurationName = Release;
		};
		C41631611FD1544E00100561 /* Build configuration list for PBXNativeTarget "TextToSpeech" */ = {
			isa = XCConfigurationList;
			buildConfigurations = (
				C41631621FD1544E00100561 /* Debug */,
				C41631631FD1544E00100561 /* Release */,
			);
			defaultConfigurationIsVisible = 0;
			defaultConfigurationName = Release;
		};
		C41631641FD1544E00100561 /* Build configuration list for PBXNativeTarget "TextToSpeechTests" */ = {
			isa = XCConfigurationList;
			buildConfigurations = (
				C41631651FD1544E00100561 /* Debug */,
				C41631661FD1544E00100561 /* Release */,
			);
			defaultConfigurationIsVisible = 0;
			defaultConfigurationName = Release;
		};
		C41631671FD1544E00100561 /* Build configuration list for PBXNativeTarget "TextToSpeechUITests" */ = {
			isa = XCConfigurationList;
			buildConfigurations = (
				C41631681FD1544E00100561 /* Debug */,
				C41631691FD1544E00100561 /* Release */,
			);
			defaultConfigurationIsVisible = 0;
			defaultConfigurationName = Release;
		};
/* End XCConfigurationList section */
	};
	rootObject = C41631311FD1544D00100561 /* Project object */;
}
